
Microsoft Visual Studio Solution File, Format Version 12.00
# Visual Studio 15
VisualStudioVersion = 15.0.28307.489
MinimumVisualStudioVersion = 10.0.40219.1
Project("{9A19103F-16F7-4668-BE54-9A1E7A4F7556}") = "BugTracker.UI", "BugTracker.UI\BugTracker.UI.csproj", "{D36AC21C-DED6-4D40-BCB0-588A91786086}"
EndProject
Project("{9A19103F-16F7-4668-BE54-9A1E7A4F7556}") = "BugTracker.Data", "BugTracker.Data\BugTracker.Data.csproj", "{031E7864-BE7E-4E13-89D6-F8910DF198FB}"
EndProject
Project("{9A19103F-16F7-4668-BE54-9A1E7A4F7556}") = "BugTracker.Data.Tests", "BugTracker.Data.Tests\BugTracker.Data.Tests.csproj", "{872445B5-2764-485A-BD48-12D1B9E7115D}"
EndProject
Project("{9A19103F-16F7-4668-BE54-9A1E7A4F7556}") = "BugTracker.Common", "BugTracker.Common\BugTracker.Common.csproj", "{6718A16A-9738-4DCA-9780-C39A872174C5}"
EndProject
Global
	GlobalSection(SolutionConfigurationPlatforms) = preSolution
		Debug|Any CPU = Debug|Any CPU
		Release|Any CPU = Release|Any CPU
	EndGlobalSection
	GlobalSection(ProjectConfigurationPlatforms) = postSolution
		{D36AC21C-DED6-4D40-BCB0-588A91786086}.Debug|Any CPU.ActiveCfg = Debug|Any CPU
		{D36AC21C-DED6-4D40-BCB0-588A91786086}.Debug|Any CPU.Build.0 = Debug|Any CPU
		{D36AC21C-DED6-4D40-BCB0-588A91786086}.Release|Any CPU.ActiveCfg = Release|Any CPU
		{D36AC21C-DED6-4D40-BCB0-588A91786086}.Release|Any CPU.Build.0 = Release|Any CPU
		{031E7864-BE7E-4E13-89D6-F8910DF198FB}.Debug|Any CPU.ActiveCfg = Debug|Any CPU
		{031E7864-BE7E-4E13-89D6-F8910DF198FB}.Debug|Any CPU.Build.0 = Debug|Any CPU
		{031E7864-BE7E-4E13-89D6-F8910DF198FB}.Release|Any CPU.ActiveCfg = Release|Any CPU
		{031E7864-BE7E-4E13-89D6-F8910DF198FB}.Release|Any CPU.Build.0 = Release|Any CPU
		{872445B5-2764-485A-BD48-12D1B9E7115D}.Debug|Any CPU.ActiveCfg = Debug|Any CPU
		{872445B5-2764-485A-BD48-12D1B9E7115D}.Debug|Any CPU.Build.0 = Debug|Any CPU
		{872445B5-2764-485A-BD48-12D1B9E7115D}.Release|Any CPU.ActiveCfg = Release|Any CPU
		{872445B5-2764-485A-BD48-12D1B9E7115D}.Release|Any CPU.Build.0 = Release|Any CPU
		{6718A16A-9738-4DCA-9780-C39A872174C5}.Debug|Any CPU.ActiveCfg = Debug|Any CPU
		{6718A16A-9738-4DCA-9780-C39A872174C5}.Debug|Any CPU.Build.0 = Debug|Any CPU
		{6718A16A-9738-4DCA-9780-C39A872174C5}.Release|Any CPU.ActiveCfg = Release|Any CPU
		{6718A16A-9738-4DCA-9780-C39A872174C5}.Release|Any CPU.Build.0 = Release|Any CPU
	EndGlobalSection
	GlobalSection(SolutionProperties) = preSolution
		HideSolutionNode = FALSE
	EndGlobalSection
	GlobalSection(ExtensibilityGlobals) = postSolution
		SolutionGuid = {372A21B4-025D-4521-8177-A3B85E43CADA}
	EndGlobalSection
EndGlobal
